
Microsoft Visual Studio Solution File, Format Version 12.00
# Visual Studio Version 17
VisualStudioVersion = 17.11.35327.3
MinimumVisualStudioVersion = 10.0.40219.1
Project("{9A19103F-16F7-4668-BE54-9A1E7A4F7556}") = "NeshangarServer", "..\NeshangarServer\NeshangarServer.csproj", "{ABC03A9C-363B-4971-B21C-63837C10284C}"
EndProject
Global
	GlobalSection(SolutionConfigurationPlatforms) = preSolution
		Debug|Any CPU = Debug|Any CPU
		Release|Any CPU = Release|Any CPU
	EndGlobalSection
	GlobalSection(ProjectConfigurationPlatforms) = postSolution
		{ABC03A9C-363B-4971-B21C-63837C10284C}.Debug|Any CPU.ActiveCfg = Debug|Any CPU
		{ABC03A9C-363B-4971-B21C-63837C10284C}.Debug|Any CPU.Build.0 = Debug|Any CPU
		{ABC03A9C-363B-4971-B21C-63837C10284C}.Release|Any CPU.ActiveCfg = Release|Any CPU
		{ABC03A9C-363B-4971-B21C-63837C10284C}.Release|Any CPU.Build.0 = Release|Any CPU
	EndGlobalSection
	GlobalSection(SolutionProperties) = preSolution
		HideSolutionNode = FALSE
	EndGlobalSection
	GlobalSection(ExtensibilityGlobals) = postSolution
		SolutionGuid = {25F1105B-6F83-4591-9DE0-73C4034ECCF8}
	EndGlobalSection
EndGlobal
